
Microsoft Visual Studio Solution File, Format Version 12.00
# Visual Studio Version 17
VisualStudioVersion = 17.2.32616.157
MinimumVisualStudioVersion = 10.0.40219.1
Project("{FAE04EC0-301F-11D3-BF4B-00C04F79EFBC}") = "Lesson06_Types_of_variables", "Lesson06_Types_of_variables\Lesson06_Types_of_variables.csproj", "{DCC56D2C-4BBF-4A93-AB44-083AF64C8155}"
EndProject
Project("{FAE04EC0-301F-11D3-BF4B-00C04F79EFBC}") = "Lesson06Exercises02", "Lesson06Exercises02\Lesson06Exercises02.csproj", "{362A4C83-A381-49EE-ABA3-A339ABBD4DB9}"
EndProject
Project("{FAE04EC0-301F-11D3-BF4B-00C04F79EFBC}") = "Lesson06Exercises01", "Lesson06Exercises01\Lesson06Exercises01.csproj", "{294D30CC-C23B-48A9-A871-CEEA321084C7}"
EndProject
Project("{FAE04EC0-301F-11D3-BF4B-00C04F79EFBC}") = "Just_Example", "Just_Example\Just_Example.csproj", "{38763350-4D5C-40A3-B580-207F7AE4C1CC}"
EndProject
Global
	GlobalSection(SolutionConfigurationPlatforms) = preSolution
		Debug|Any CPU = Debug|Any CPU
		Release|Any CPU = Release|Any CPU
	EndGlobalSection
	GlobalSection(ProjectConfigurationPlatforms) = postSolution
		{DCC56D2C-4BBF-4A93-AB44-083AF64C8155}.Debug|Any CPU.ActiveCfg = Debug|Any CPU
		{DCC56D2C-4BBF-4A93-AB44-083AF64C8155}.Debug|Any CPU.Build.0 = Debug|Any CPU
		{DCC56D2C-4BBF-4A93-AB44-083AF64C8155}.Release|Any CPU.ActiveCfg = Release|Any CPU
		{DCC56D2C-4BBF-4A93-AB44-083AF64C8155}.Release|Any CPU.Build.0 = Release|Any CPU
		{362A4C83-A381-49EE-ABA3-A339ABBD4DB9}.Debug|Any CPU.ActiveCfg = Debug|Any CPU
		{362A4C83-A381-49EE-ABA3-A339ABBD4DB9}.Debug|Any CPU.Build.0 = Debug|Any CPU
		{362A4C83-A381-49EE-ABA3-A339ABBD4DB9}.Release|Any CPU.ActiveCfg = Release|Any CPU
		{362A4C83-A381-49EE-ABA3-A339ABBD4DB9}.Release|Any CPU.Build.0 = Release|Any CPU
		{294D30CC-C23B-48A9-A871-CEEA321084C7}.Debug|Any CPU.ActiveCfg = Debug|Any CPU
		{294D30CC-C23B-48A9-A871-CEEA321084C7}.Debug|Any CPU.Build.0 = Debug|Any CPU
		{294D30CC-C23B-48A9-A871-CEEA321084C7}.Release|Any CPU.ActiveCfg = Release|Any CPU
		{294D30CC-C23B-48A9-A871-CEEA321084C7}.Release|Any CPU.Build.0 = Release|Any CPU
		{38763350-4D5C-40A3-B580-207F7AE4C1CC}.Debug|Any CPU.ActiveCfg = Debug|Any CPU
		{38763350-4D5C-40A3-B580-207F7AE4C1CC}.Debug|Any CPU.Build.0 = Debug|Any CPU
		{38763350-4D5C-40A3-B580-207F7AE4C1CC}.Release|Any CPU.ActiveCfg = Release|Any CPU
		{38763350-4D5C-40A3-B580-207F7AE4C1CC}.Release|Any CPU.Build.0 = Release|Any CPU
	EndGlobalSection
	GlobalSection(SolutionProperties) = preSolution
		HideSolutionNode = FALSE
	EndGlobalSection
	GlobalSection(ExtensibilityGlobals) = postSolution
		SolutionGuid = {26A61FC2-B749-402E-859C-E0943A65A9DA}
	EndGlobalSection
EndGlobal
